
Microsoft Visual Studio Solution File, Format Version 12.00
# Visual Studio Version 17
VisualStudioVersion = 17.4.33403.182
MinimumVisualStudioVersion = 10.0.40219.1
Project("{FAE04EC0-301F-11D3-BF4B-00C04F79EFBC}") = "Agenda_Xamarin.Android", "Agenda_Xamarin\Agenda_Xamarin.Android\Agenda_Xamarin.Android.csproj", "{14C48758-FF5A-47AB-B219-9E97048CAD47}"
EndProject
Project("{FAE04EC0-301F-11D3-BF4B-00C04F79EFBC}") = "Agenda_Xamarin", "Agenda_Xamarin\Agenda_Xamarin\Agenda_Xamarin.csproj", "{AD491640-C35D-46DA-A469-FF8A02709F02}"
EndProject
Global
	GlobalSection(SolutionConfigurationPlatforms) = preSolution
		Debug|Any CPU = Debug|Any CPU
		Release|Any CPU = Release|Any CPU
	EndGlobalSection
	GlobalSection(ProjectConfigurationPlatforms) = postSolution
		{14C48758-FF5A-47AB-B219-9E97048CAD47}.Debug|Any CPU.ActiveCfg = Debug|Any CPU
		{14C48758-FF5A-47AB-B219-9E97048CAD47}.Debug|Any CPU.Build.0 = Debug|Any CPU
		{14C48758-FF5A-47AB-B219-9E97048CAD47}.Debug|Any CPU.Deploy.0 = Debug|Any CPU
		{14C48758-FF5A-47AB-B219-9E97048CAD47}.Release|Any CPU.ActiveCfg = Release|Any CPU
		{14C48758-FF5A-47AB-B219-9E97048CAD47}.Release|Any CPU.Build.0 = Release|Any CPU
		{14C48758-FF5A-47AB-B219-9E97048CAD47}.Release|Any CPU.Deploy.0 = Release|Any CPU
		{AD491640-C35D-46DA-A469-FF8A02709F02}.Debug|Any CPU.ActiveCfg = Debug|Any CPU
		{AD491640-C35D-46DA-A469-FF8A02709F02}.Debug|Any CPU.Build.0 = Debug|Any CPU
		{AD491640-C35D-46DA-A469-FF8A02709F02}.Debug|Any CPU.Deploy.0 = Debug|Any CPU
		{AD491640-C35D-46DA-A469-FF8A02709F02}.Release|Any CPU.ActiveCfg = Release|Any CPU
		{AD491640-C35D-46DA-A469-FF8A02709F02}.Release|Any CPU.Build.0 = Release|Any CPU
		{AD491640-C35D-46DA-A469-FF8A02709F02}.Release|Any CPU.Deploy.0 = Release|Any CPU
	EndGlobalSection
	GlobalSection(SolutionProperties) = preSolution
		HideSolutionNode = FALSE
	EndGlobalSection
	GlobalSection(ExtensibilityGlobals) = postSolution
		SolutionGuid = {4C9FE91E-866F-46DB-91A2-9B4F3E8DC13C}
	EndGlobalSection
EndGlobal
